
Microsoft Visual Studio Solution File, Format Version 12.00
# Visual Studio Version 17
VisualStudioVersion = 17.1.32421.90
MinimumVisualStudioVersion = 10.0.40219.1
Project("{FAE04EC0-301F-11D3-BF4B-00C04F79EFBC}") = "BookShop", "BookShop.csproj", "{29D310DF-F265-4561-B639-7E533BA75BE7}"
EndProject
Global
	GlobalSection(SolutionConfigurationPlatforms) = preSolution
		Debug|Any CPU = Debug|Any CPU
		Release|Any CPU = Release|Any CPU
	EndGlobalSection
	GlobalSection(ProjectConfigurationPlatforms) = postSolution
		{29D310DF-F265-4561-B639-7E533BA75BE7}.Debug|Any CPU.ActiveCfg = Debug|Any CPU
		{29D310DF-F265-4561-B639-7E533BA75BE7}.Debug|Any CPU.Build.0 = Debug|Any CPU
		{29D310DF-F265-4561-B639-7E533BA75BE7}.Release|Any CPU.ActiveCfg = Release|Any CPU
		{29D310DF-F265-4561-B639-7E533BA75BE7}.Release|Any CPU.Build.0 = Release|Any CPU
	EndGlobalSection
	GlobalSection(SolutionProperties) = preSolution
		HideSolutionNode = FALSE
	EndGlobalSection
	GlobalSection(ExtensibilityGlobals) = postSolution
		SolutionGuid = {52A4B148-D7E7-4E1D-BB1C-D48372E96A49}
	EndGlobalSection
EndGlobal
